// !$*UTF8*$!
{
	archiveVersion = 1;
	classes = {
	};
	objectVersion = 46;
	objects = {

/* Begin PBXBuildFile section */
		4201DD63146B8EFF0080FF33 /* navbar_back.png in Resources */ = {isa = PBXBuildFile; fileRef = 4201DD61146B8EFF0080FF33 /* navbar_back.png */; };
		4201DD64146B8EFF0080FF33 /* navbar_bg.png in Resources */ = {isa = PBXBuildFile; fileRef = 4201DD62146B8EFF0080FF33 /* navbar_bg.png */; };
		4201DD67146B95B90080FF33 /* device_list_bg.png in Resources */ = {isa = PBXBuildFile; fileRef = 4201DD66146B95B90080FF33 /* device_list_bg.png */; };
		4201DD6A146B9A0B0080FF33 /* ChooseIPCellView.m in Sources */ = {isa = PBXBuildFile; fileRef = 4201DD69146B9A0B0080FF33 /* ChooseIPCellView.m */; };
		4201DD6C146B9EEC0080FF33 /* ChooseIPCellView.xib in Resources */ = {isa = PBXBuildFile; fileRef = 4201DD6B146B9EEC0080FF33 /* ChooseIPCellView.xib */; };
		4201DD70146BA1680080FF33 /* device_list_bg@2x.png in Resources */ = {isa = PBXBuildFile; fileRef = 4201DD6D146BA1680080FF33 /* device_list_bg@2x.png */; };
		4201DD71146BA1680080FF33 /* device_list_cell_bg.png in Resources */ = {isa = PBXBuildFile; fileRef = 4201DD6E146BA1680080FF33 /* device_list_cell_bg.png */; };
		4201DD72146BA1680080FF33 /* device_list_cell_bg@2x.png in Resources */ = {isa = PBXBuildFile; fileRef = 4201DD6F146BA1680080FF33 /* device_list_cell_bg@2x.png */; };
		4201DD75146BA1780080FF33 /* navbar_back@2x.png in Resources */ = {isa = PBXBuildFile; fileRef = 4201DD73146BA1780080FF33 /* navbar_back@2x.png */; };
		4201DD76146BA1780080FF33 /* navbar_bg@2x.png in Resources */ = {isa = PBXBuildFile; fileRef = 4201DD74146BA1780080FF33 /* navbar_bg@2x.png */; };
		4201DD79146BB23A0080FF33 /* device_list_cell_bg_selected.png in Resources */ = {isa = PBXBuildFile; fileRef = 4201DD77146BB23A0080FF33 /* device_list_cell_bg_selected.png */; };
		4201DD7A146BB23A0080FF33 /* device_list_cell_bg_selected@2x.png in Resources */ = {isa = PBXBuildFile; fileRef = 4201DD78146BB23A0080FF33 /* device_list_cell_bg_selected@2x.png */; };
		4201DD7D146CDAF90080FF33 /* BaseController.m in Sources */ = {isa = PBXBuildFile; fileRef = 4201DD7C146CDAF90080FF33 /* BaseController.m */; };
		4201DD80146D15210080FF33 /* bottombar_error.png in Resources */ = {isa = PBXBuildFile; fileRef = 4201DD7E146D15210080FF33 /* bottombar_error.png */; };
		4201DD81146D15210080FF33 /* bottombar_error@2x.png in Resources */ = {isa = PBXBuildFile; fileRef = 4201DD7F146D15210080FF33 /* bottombar_error@2x.png */; };
		4207DCAB143D9A9F00FAD4AA /* ChooseHomeNetworkController.m in Sources */ = {isa = PBXBuildFile; fileRef = 4207DC7D143D9A9F00FAD4AA /* ChooseHomeNetworkController.m */; };
		4207DCAC143D9A9F00FAD4AA /* ChooseHomeNetworkController.xib in Resources */ = {isa = PBXBuildFile; fileRef = 4207DC7E143D9A9F00FAD4AA /* ChooseHomeNetworkController.xib */; };
		4207DCAD143D9A9F00FAD4AA /* ChooseIPController.m in Sources */ = {isa = PBXBuildFile; fileRef = 4207DC80143D9A9F00FAD4AA /* ChooseIPController.m */; };
		4207DCAE143D9A9F00FAD4AA /* ChooseIPController.xib in Resources */ = {isa = PBXBuildFile; fileRef = 4207DC81143D9A9F00FAD4AA /* ChooseIPController.xib */; };
		4207DCB1143D9A9F00FAD4AA /* InfoPlist.strings in Resources */ = {isa = PBXBuildFile; fileRef = 4207DC85143D9A9F00FAD4AA /* InfoPlist.strings */; };
		4207DCB2143D9A9F00FAD4AA /* MainWindow.xib in Resources */ = {isa = PBXBuildFile; fileRef = 4207DC87143D9A9F00FAD4AA /* MainWindow.xib */; };
		4207DCB3143D9A9F00FAD4AA /* btn_controlpanel.png in Resources */ = {isa = PBXBuildFile; fileRef = 4207DC8A143D9A9F00FAD4AA /* btn_controlpanel.png */; };
		4207DCB4143D9A9F00FAD4AA /* btn_widget.png in Resources */ = {isa = PBXBuildFile; fileRef = 4207DC8B143D9A9F00FAD4AA /* btn_widget.png */; };
		4207DCB6143D9A9F00FAD4AA /* chumby.png in Resources */ = {isa = PBXBuildFile; fileRef = 4207DC8D143D9A9F00FAD4AA /* chumby.png */; };
		4207DCB9143D9A9F00FAD4AA /* icon.png in Resources */ = {isa = PBXBuildFile; fileRef = 4207DC90143D9A9F00FAD4AA /* icon.png */; };
		4207DCBE143D9A9F00FAD4AA /* main.m in Sources */ = {isa = PBXBuildFile; fileRef = 4207DC95143D9A9F00FAD4AA /* main.m */; };
		4207DCC1143D9A9F00FAD4AA /* NeTV_RemoteAppDelegate.m in Sources */ = {isa = PBXBuildFile; fileRef = 4207DC9A143D9A9F00FAD4AA /* NeTV_RemoteAppDelegate.m */; };
		4207DCC2143D9A9F00FAD4AA /* NeTVViewController.m in Sources */ = {isa = PBXBuildFile; fileRef = 4207DC9C143D9A9F00FAD4AA /* NeTVViewController.m */; };
		4207DCC3143D9A9F00FAD4AA /* NeTVViewController_iPhone.xib in Resources */ = {isa = PBXBuildFile; fileRef = 4207DC9D143D9A9F00FAD4AA /* NeTVViewController_iPhone.xib */; };
		4207DCC5143D9A9F00FAD4AA /* RemoteController.m in Sources */ = {isa = PBXBuildFile; fileRef = 4207DCA1143D9A9F00FAD4AA /* RemoteController.m */; };
		4207DCC6143D9A9F00FAD4AA /* RemoteController.xib in Resources */ = {isa = PBXBuildFile; fileRef = 4207DCA2143D9A9F00FAD4AA /* RemoteController.xib */; };
		4207DCCD143D9B1600FAD4AA /* MainWindow-iPad.xib in Resources */ = {isa = PBXBuildFile; fileRef = 4207DCCB143D9B1600FAD4AA /* MainWindow-iPad.xib */; };
		4207DCDD143D9CF300FAD4AA /* AsyncSocket.m in Sources */ = {isa = PBXBuildFile; fileRef = 4207DCD0143D9CF300FAD4AA /* AsyncSocket.m */; };
		4207DCDE143D9CF300FAD4AA /* AsyncUdpSocket.m in Sources */ = {isa = PBXBuildFile; fileRef = 4207DCD2143D9CF300FAD4AA /* AsyncUdpSocket.m */; };
		4207DCDF143D9CF300FAD4AA /* CommService.m in Sources */ = {isa = PBXBuildFile; fileRef = 4207DCD4143D9CF300FAD4AA /* CommService.m */; };
		4207DCE0143D9CF300FAD4AA /* Reachability.m in Sources */ = {isa = PBXBuildFile; fileRef = 4207DCD6143D9CF300FAD4AA /* Reachability.m */; };
		4207DCE1143D9CF300FAD4AA /* UIDevice-Hardware.m in Sources */ = {isa = PBXBuildFile; fileRef = 4207DCD8143D9CF300FAD4AA /* UIDevice-Hardware.m */; };
		4207DCE2143D9CF300FAD4AA /* VTPG_Common.m in Sources */ = {isa = PBXBuildFile; fileRef = 4207DCDA143D9CF300FAD4AA /* VTPG_Common.m */; };
		4207DCE3143D9CF300FAD4AA /* XMLReader.m in Sources */ = {isa = PBXBuildFile; fileRef = 4207DCDC143D9CF300FAD4AA /* XMLReader.m */; };
		4207DCE5143D9F2A00FAD4AA /* Icon.png in Resources */ = {isa = PBXBuildFile; fileRef = 4207DCE4143D9F2A00FAD4AA /* Icon.png */; };
		4207DCE7143D9F2F00FAD4AA /* Icon@2x.png in Resources */ = {isa = PBXBuildFile; fileRef = 4207DCE6143D9F2F00FAD4AA /* Icon@2x.png */; };
		4207DCE9143D9F4700FAD4AA /* Icon-72.png in Resources */ = {isa = PBXBuildFile; fileRef = 4207DCE8143D9F4700FAD4AA /* Icon-72.png */; };
		421FD08C143EC819001CF8E7 /* libz.dylib in Frameworks */ = {isa = PBXBuildFile; fileRef = 421FD08B143EC819001CF8E7 /* libz.dylib */; };
		4244FB28146E352A00AFA378 /* loading_icon.png in Resources */ = {isa = PBXBuildFile; fileRef = 4244FB26146E352A00AFA378 /* loading_icon.png */; };
		4244FB29146E352A00AFA378 /* loading_icon@2x.png in Resources */ = {isa = PBXBuildFile; fileRef = 4244FB27146E352A00AFA378 /* loading_icon@2x.png */; };
		4244FB2C146E3A4E00AFA378 /* QuartzCore.framework in Frameworks */ = {isa = PBXBuildFile; fileRef = 4244FB2B146E3A4E00AFA378 /* QuartzCore.framework */; };
		42669015146A613B00E91493 /* ASIAuthenticationDialog.m in Sources */ = {isa = PBXBuildFile; fileRef = 42669002146A613B00E91493 /* ASIAuthenticationDialog.m */; };
		42669016146A613B00E91493 /* ASIDataCompressor.m in Sources */ = {isa = PBXBuildFile; fileRef = 42669005146A613B00E91493 /* ASIDataCompressor.m */; };
		42669017146A613B00E91493 /* ASIDataDecompressor.m in Sources */ = {isa = PBXBuildFile; fileRef = 42669007146A613B00E91493 /* ASIDataDecompressor.m */; };
		42669018146A613B00E91493 /* ASIDownloadCache.m in Sources */ = {isa = PBXBuildFile; fileRef = 42669009146A613B00E91493 /* ASIDownloadCache.m */; };
		42669019146A613B00E91493 /* ASIFormDataRequest.m in Sources */ = {isa = PBXBuildFile; fileRef = 4266900B146A613B00E91493 /* ASIFormDataRequest.m */; };
		4266901A146A613B00E91493 /* ASIHTTPRequest.m in Sources */ = {isa = PBXBuildFile; fileRef = 4266900D146A613B00E91493 /* ASIHTTPRequest.m */; };
		4266901B146A613B00E91493 /* ASIInputStream.m in Sources */ = {isa = PBXBuildFile; fileRef = 42669011146A613B00E91493 /* ASIInputStream.m */; };
		4266901C146A613B00E91493 /* ASINetworkQueue.m in Sources */ = {isa = PBXBuildFile; fileRef = 42669013146A613B00E91493 /* ASINetworkQueue.m */; };
		42669023146A61AD00E91493 /* MobileCoreServices.framework in Frameworks */ = {isa = PBXBuildFile; fileRef = 42669022146A61AD00E91493 /* MobileCoreServices.framework */; };
		42AD80271470D2F4003763F7 /* EGOPhotoViewController.m in Sources */ = {isa = PBXBuildFile; fileRef = 42AD7FE31470D2F4003763F7 /* EGOPhotoViewController.m */; };
		42AD80281470D2F4003763F7 /* EGOCache.m in Sources */ = {isa = PBXBuildFile; fileRef = 42AD7FE81470D2F4003763F7 /* EGOCache.m */; };
		42AD80291470D2F4003763F7 /* EGOImageLoadConnection.m in Sources */ = {isa = PBXBuildFile; fileRef = 42AD7FEB1470D2F4003763F7 /* EGOImageLoadConnection.m */; };
		42AD802A1470D2F4003763F7 /* EGOImageLoader.m in Sources */ = {isa = PBXBuildFile; fileRef = 42AD7FED1470D2F4003763F7 /* EGOImageLoader.m */; };
		42AD802B1470D2F4003763F7 /* EGOQuickPhoto.m in Sources */ = {isa = PBXBuildFile; fileRef = 42AD7FF21470D2F4003763F7 /* EGOQuickPhoto.m */; };
		42AD802C1470D2F4003763F7 /* EGOQuickPhotoSource.m in Sources */ = {isa = PBXBuildFile; fileRef = 42AD7FF41470D2F4003763F7 /* EGOQuickPhotoSource.m */; };
		42AD802D1470D2F4003763F7 /* MyPhoto.m in Sources */ = {isa = PBXBuildFile; fileRef = 42AD7FF61470D2F4003763F7 /* MyPhoto.m */; };
		42AD802E1470D2F4003763F7 /* MyPhotoSource.m in Sources */ = {isa = PBXBuildFile; fileRef = 42AD7FF81470D2F4003763F7 /* MyPhotoSource.m */; };
		42AD802F1470D2F4003763F7 /* egopv_error_placeholder.png in Resources */ = {isa = PBXBuildFile; fileRef = 42AD7FFA1470D2F4003763F7 /* egopv_error_placeholder.png */; };
		42AD80301470D2F4003763F7 /* egopv_error_placeholder@2x.png in Resources */ = {isa = PBXBuildFile; fileRef = 42AD7FFB1470D2F4003763F7 /* egopv_error_placeholder@2x.png */; };
		42AD80311470D2F4003763F7 /* egopv_fullscreen_button.png in Resources */ = {isa = PBXBuildFile; fileRef = 42AD7FFC1470D2F4003763F7 /* egopv_fullscreen_button.png */; };
		42AD80321470D2F4003763F7 /* egopv_fullscreen_button@2x.png in Resources */ = {isa = PBXBuildFile; fileRef = 42AD7FFD1470D2F4003763F7 /* egopv_fullscreen_button@2x.png */; };
		42AD80331470D2F4003763F7 /* egopv_left.png in Resources */ = {isa = PBXBuildFile; fileRef = 42AD7FFE1470D2F4003763F7 /* egopv_left.png */; };
		42AD80341470D2F4003763F7 /* egopv_left@2x.png in Resources */ = {isa = PBXBuildFile; fileRef = 42AD7FFF1470D2F4003763F7 /* egopv_left@2x.png */; };
		42AD80351470D2F4003763F7 /* egopv_minimize_fullscreen_button.png in Resources */ = {isa = PBXBuildFile; fileRef = 42AD80001470D2F4003763F7 /* egopv_minimize_fullscreen_button.png */; };
		42AD80361470D2F4003763F7 /* egopv_photo_placeholder.png in Resources */ = {isa = PBXBuildFile; fileRef = 42AD80011470D2F4003763F7 /* egopv_photo_placeholder.png */; };
		42AD80371470D2F4003763F7 /* egopv_photo_placeholder@2x.png in Resources */ = {isa = PBXBuildFile; fileRef = 42AD80021470D2F4003763F7 /* egopv_photo_placeholder@2x.png */; };
		42AD80381470D2F4003763F7 /* egopv_right.png in Resources */ = {isa = PBXBuildFile; fileRef = 42AD80031470D2F4003763F7 /* egopv_right.png */; };
		42AD80391470D2F4003763F7 /* egopv_right@2x.png in Resources */ = {isa = PBXBuildFile; fileRef = 42AD80041470D2F4003763F7 /* egopv_right@2x.png */; };
		42AD803A1470D2F4003763F7 /* EGOPhotoCaptionView.m in Sources */ = {isa = PBXBuildFile; fileRef = 42AD80081470D2F4003763F7 /* EGOPhotoCaptionView.m */; };
		42AD803B1470D2F4003763F7 /* EGOPhotoImageView.m in Sources */ = {isa = PBXBuildFile; fileRef = 42AD800B1470D2F4003763F7 /* EGOPhotoImageView.m */; };
		42AD803C1470D2F4003763F7 /* EGOPhotoScrollView.m in Sources */ = {isa = PBXBuildFile; fileRef = 42AD800E1470D2F4003763F7 /* EGOPhotoScrollView.m */; };
		42AD803D1470D2F4003763F7 /* ELCAlbumPickerController.m in Sources */ = {isa = PBXBuildFile; fileRef = 42AD80111470D2F4003763F7 /* ELCAlbumPickerController.m */; };
		42AD803E1470D2F4003763F7 /* ELCAlbumPickerController.xib in Resources */ = {isa = PBXBuildFile; fileRef = 42AD80121470D2F4003763F7 /* ELCAlbumPickerController.xib */; };
		42AD803F1470D2F4003763F7 /* ELCAsset.m in Sources */ = {isa = PBXBuildFile; fileRef = 42AD80141470D2F4003763F7 /* ELCAsset.m */; };
		42AD80401470D2F4003763F7 /* ELCAssetCell.m in Sources */ = {isa = PBXBuildFile; fileRef = 42AD80161470D2F4003763F7 /* ELCAssetCell.m */; };
		42AD80411470D2F4003763F7 /* ELCAssetPicker.xib in Resources */ = {isa = PBXBuildFile; fileRef = 42AD80171470D2F4003763F7 /* ELCAssetPicker.xib */; };
		42AD80421470D2F4003763F7 /* ELCAssetTablePicker.m in Sources */ = {isa = PBXBuildFile; fileRef = 42AD80191470D2F4003763F7 /* ELCAssetTablePicker.m */; };
		42AD80431470D2F4003763F7 /* ELCAssetTablePicker.xib in Resources */ = {isa = PBXBuildFile; fileRef = 42AD801A1470D2F4003763F7 /* ELCAssetTablePicker.xib */; };
		42AD80441470D2F4003763F7 /* ELCImagePickerController.m in Sources */ = {isa = PBXBuildFile; fileRef = 42AD801C1470D2F4003763F7 /* ELCImagePickerController.m */; };
		42AD80451470D2F4003763F7 /* ELCImagePickerController.xib in Resources */ = {isa = PBXBuildFile; fileRef = 42AD801D1470D2F4003763F7 /* ELCImagePickerController.xib */; };
		42AD80461470D2F4003763F7 /* Overlay.png in Resources */ = {isa = PBXBuildFile; fileRef = 42AD801E1470D2F4003763F7 /* Overlay.png */; };
		42AD80471470D2F4003763F7 /* Overlay@2x.png in Resources */ = {isa = PBXBuildFile; fileRef = 42AD801F1470D2F4003763F7 /* Overlay@2x.png */; };
		42AD80481470D2F4003763F7 /* UIImage+Alpha.m in Sources */ = {isa = PBXBuildFile; fileRef = 42AD80221470D2F4003763F7 /* UIImage+Alpha.m */; };
		42AD80491470D2F4003763F7 /* UIImage+Resize.m in Sources */ = {isa = PBXBuildFile; fileRef = 42AD80241470D2F4003763F7 /* UIImage+Resize.m */; };
		42AD804A1470D2F4003763F7 /* UIImage+RoundedCorner.m in Sources */ = {isa = PBXBuildFile; fileRef = 42AD80261470D2F4003763F7 /* UIImage+RoundedCorner.m */; };
		42AD804D1470D6EF003763F7 /* AssetsLibrary.framework in Frameworks */ = {isa = PBXBuildFile; fileRef = 42AD804C1470D6EF003763F7 /* AssetsLibrary.framework */; };
		42B36E5E146D231900F6B358 /* bottombar_info.png in Resources */ = {isa = PBXBuildFile; fileRef = 42B36E5C146D231900F6B358 /* bottombar_info.png */; };
		42B36E5F146D231900F6B358 /* bottombar_info@2x.png in Resources */ = {isa = PBXBuildFile; fileRef = 42B36E5D146D231900F6B358 /* bottombar_info@2x.png */; };
		42BA3CCB1470C42A000A855B /* btn_center_deco.png in Resources */ = {isa = PBXBuildFile; fileRef = 42BA3CBE1470C42A000A855B /* btn_center_deco.png */; };
		42BA3CCC1470C42A000A855B /* btn_center_down.png in Resources */ = {isa = PBXBuildFile; fileRef = 42BA3CBF1470C42A000A855B /* btn_center_down.png */; };
		42BA3CCD1470C42A000A855B /* btn_center_normal.png in Resources */ = {isa = PBXBuildFile; fileRef = 42BA3CC01470C42A000A855B /* btn_center_normal.png */; };
		42BA3CCF1470C42A000A855B /* btn_down_down.png in Resources */ = {isa = PBXBuildFile; fileRef = 42BA3CC21470C42A000A855B /* btn_down_down.png */; };
		42BA3CD01470C42A000A855B /* btn_down_normal.png in Resources */ = {isa = PBXBuildFile; fileRef = 42BA3CC31470C42A000A855B /* btn_down_normal.png */; };
		42BA3CD11470C42A000A855B /* btn_left_down.png in Resources */ = {isa = PBXBuildFile; fileRef = 42BA3CC41470C42A000A855B /* btn_left_down.png */; };
		42BA3CD21470C42A000A855B /* btn_left_normal.png in Resources */ = {isa = PBXBuildFile; fileRef = 42BA3CC51470C42A000A855B /* btn_left_normal.png */; };
		42BA3CD31470C42A000A855B /* btn_right_down.png in Resources */ = {isa = PBXBuildFile; fileRef = 42BA3CC61470C42A000A855B /* btn_right_down.png */; };
		42BA3CD41470C42A000A855B /* btn_right_normal.png in Resources */ = {isa = PBXBuildFile; fileRef = 42BA3CC71470C42A000A855B /* btn_right_normal.png */; };
		42BA3CD51470C42A000A855B /* btn_up_down.png in Resources */ = {isa = PBXBuildFile; fileRef = 42BA3CC81470C42A000A855B /* btn_up_down.png */; };
		42BA3CD61470C42A000A855B /* btn_up_normal.png in Resources */ = {isa = PBXBuildFile; fileRef = 42BA3CC91470C42A000A855B /* btn_up_normal.png */; };
		8FF36F4114165AD900A91FC0 /* UIKit.framework in Frameworks */ = {isa = PBXBuildFile; fileRef = 8FF36F4014165AD900A91FC0 /* UIKit.framework */; };
		8FF36F4314165AD900A91FC0 /* Foundation.framework in Frameworks */ = {isa = PBXBuildFile; fileRef = 8FF36F4214165AD900A91FC0 /* Foundation.framework */; };
		8FF36F4514165AD900A91FC0 /* CoreGraphics.framework in Frameworks */ = {isa = PBXBuildFile; fileRef = 8FF36F4414165AD900A91FC0 /* CoreGraphics.framework */; };
		8FF36FA014165B7700A91FC0 /* SystemConfiguration.framework in Frameworks */ = {isa = PBXBuildFile; fileRef = 8FF36F9F14165B7600A91FC0 /* SystemConfiguration.framework */; };
		8FF36FA214165B7D00A91FC0 /* CFNetwork.framework in Frameworks */ = {isa = PBXBuildFile; fileRef = 8FF36FA114165B7D00A91FC0 /* CFNetwork.framework */; };
		F24DC786144C50F300AB3BA1 /* MessageUI.framework in Frameworks */ = {isa = PBXBuildFile; fileRef = F24DC785144C50F300AB3BA1 /* MessageUI.framework */; };
		F24DC78B144C516200AB3BA1 /* SVWebViewController.bundle in Resources */ = {isa = PBXBuildFile; fileRef = F24DC788144C516200AB3BA1 /* SVWebViewController.bundle */; };
		F24DC78C144C516200AB3BA1 /* SVWebViewController.m in Sources */ = {isa = PBXBuildFile; fileRef = F24DC78A144C516200AB3BA1 /* SVWebViewController.m */; };
/* End PBXBuildFile section */

/* Begin PBXFileReference section */
		4201DD61146B8EFF0080FF33 /* navbar_back.png */ = {isa = PBXFileReference; lastKnownFileType = image.png; path = navbar_back.png; sourceTree = "<group>"; };
		4201DD62146B8EFF0080FF33 /* navbar_bg.png */ = {isa = PBXFileReference; lastKnownFileType = image.png; path = navbar_bg.png; sourceTree = "<group>"; };
		4201DD66146B95B90080FF33 /* device_list_bg.png */ = {isa = PBXFileReference; lastKnownFileType = image.png; path = device_list_bg.png; sourceTree = "<group>"; };
		4201DD68146B9A0B0080FF33 /* ChooseIPCellView.h */ = {isa = PBXFileReference; fileEncoding = 4; lastKnownFileType = sourcecode.c.h; path = ChooseIPCellView.h; sourceTree = "<group>"; };
		4201DD69146B9A0B0080FF33 /* ChooseIPCellView.m */ = {isa = PBXFileReference; fileEncoding = 4; lastKnownFileType = sourcecode.c.objc; path = ChooseIPCellView.m; sourceTree = "<group>"; };
		4201DD6B146B9EEC0080FF33 /* ChooseIPCellView.xib */ = {isa = PBXFileReference; fileEncoding = 4; lastKnownFileType = file.xib; path = ChooseIPCellView.xib; sourceTree = "<group>"; };
		4201DD6D146BA1680080FF33 /* device_list_bg@2x.png */ = {isa = PBXFileReference; lastKnownFileType = image.png; path = "device_list_bg@2x.png"; sourceTree = "<group>"; };
		4201DD6E146BA1680080FF33 /* device_list_cell_bg.png */ = {isa = PBXFileReference; lastKnownFileType = image.png; path = device_list_cell_bg.png; sourceTree = "<group>"; };
		4201DD6F146BA1680080FF33 /* device_list_cell_bg@2x.png */ = {isa = PBXFileReference; lastKnownFileType = image.png; path = "device_list_cell_bg@2x.png"; sourceTree = "<group>"; };
		4201DD73146BA1780080FF33 /* navbar_back@2x.png */ = {isa = PBXFileReference; lastKnownFileType = image.png; path = "navbar_back@2x.png"; sourceTree = "<group>"; };
		4201DD74146BA1780080FF33 /* navbar_bg@2x.png */ = {isa = PBXFileReference; lastKnownFileType = image.png; path = "navbar_bg@2x.png"; sourceTree = "<group>"; };
		4201DD77146BB23A0080FF33 /* device_list_cell_bg_selected.png */ = {isa = PBXFileReference; lastKnownFileType = image.png; path = device_list_cell_bg_selected.png; sourceTree = "<group>"; };
		4201DD78146BB23A0080FF33 /* device_list_cell_bg_selected@2x.png */ = {isa = PBXFileReference; lastKnownFileType = image.png; path = "device_list_cell_bg_selected@2x.png"; sourceTree = "<group>"; };
		4201DD7B146CDAF90080FF33 /* BaseController.h */ = {isa = PBXFileReference; fileEncoding = 4; lastKnownFileType = sourcecode.c.h; path = BaseController.h; sourceTree = "<group>"; };
		4201DD7C146CDAF90080FF33 /* BaseController.m */ = {isa = PBXFileReference; fileEncoding = 4; lastKnownFileType = sourcecode.c.objc; path = BaseController.m; sourceTree = "<group>"; };
		4201DD7E146D15210080FF33 /* bottombar_error.png */ = {isa = PBXFileReference; lastKnownFileType = image.png; path = bottombar_error.png; sourceTree = "<group>"; };
		4201DD7F146D15210080FF33 /* bottombar_error@2x.png */ = {isa = PBXFileReference; lastKnownFileType = image.png; path = "bottombar_error@2x.png"; sourceTree = "<group>"; };
		4207DC7C143D9A9F00FAD4AA /* ChooseHomeNetworkController.h */ = {isa = PBXFileReference; fileEncoding = 4; lastKnownFileType = sourcecode.c.h; path = ChooseHomeNetworkController.h; sourceTree = "<group>"; };
		4207DC7D143D9A9F00FAD4AA /* ChooseHomeNetworkController.m */ = {isa = PBXFileReference; fileEncoding = 4; lastKnownFileType = sourcecode.c.objc; path = ChooseHomeNetworkController.m; sourceTree = "<group>"; };
		4207DC7E143D9A9F00FAD4AA /* ChooseHomeNetworkController.xib */ = {isa = PBXFileReference; fileEncoding = 4; lastKnownFileType = file.xib; path = ChooseHomeNetworkController.xib; sourceTree = "<group>"; };
		4207DC7F143D9A9F00FAD4AA /* ChooseIPController.h */ = {isa = PBXFileReference; fileEncoding = 4; lastKnownFileType = sourcecode.c.h; path = ChooseIPController.h; sourceTree = "<group>"; };
		4207DC80143D9A9F00FAD4AA /* ChooseIPController.m */ = {isa = PBXFileReference; fileEncoding = 4; lastKnownFileType = sourcecode.c.objc; path = ChooseIPController.m; sourceTree = "<group>"; };
		4207DC81143D9A9F00FAD4AA /* ChooseIPController.xib */ = {isa = PBXFileReference; fileEncoding = 4; lastKnownFileType = file.xib; path = ChooseIPController.xib; sourceTree = "<group>"; };
		4207DC86143D9A9F00FAD4AA /* en */ = {isa = PBXFileReference; lastKnownFileType = text.plist.strings; name = en; path = en.lproj/InfoPlist.strings; sourceTree = "<group>"; };
		4207DC88143D9A9F00FAD4AA /* en */ = {isa = PBXFileReference; lastKnownFileType = file.xib; name = en; path = en.lproj/MainWindow.xib; sourceTree = "<group>"; };
		4207DC8A143D9A9F00FAD4AA /* btn_controlpanel.png */ = {isa = PBXFileReference; lastKnownFileType = image.png; path = btn_controlpanel.png; sourceTree = "<group>"; };
		4207DC8B143D9A9F00FAD4AA /* btn_widget.png */ = {isa = PBXFileReference; lastKnownFileType = image.png; path = btn_widget.png; sourceTree = "<group>"; };
		4207DC8D143D9A9F00FAD4AA /* chumby.png */ = {isa = PBXFileReference; lastKnownFileType = image.png; path = chumby.png; sourceTree = "<group>"; };
		4207DC90143D9A9F00FAD4AA /* icon.png */ = {isa = PBXFileReference; lastKnownFileType = image.png; path = icon.png; sourceTree = "<group>"; };
		4207DC95143D9A9F00FAD4AA /* main.m */ = {isa = PBXFileReference; fileEncoding = 4; lastKnownFileType = sourcecode.c.objc; path = main.m; sourceTree = "<group>"; };
		4207DC99143D9A9F00FAD4AA /* NeTV_RemoteAppDelegate.h */ = {isa = PBXFileReference; fileEncoding = 4; lastKnownFileType = sourcecode.c.h; path = NeTV_RemoteAppDelegate.h; sourceTree = "<group>"; };
		4207DC9A143D9A9F00FAD4AA /* NeTV_RemoteAppDelegate.m */ = {isa = PBXFileReference; fileEncoding = 4; lastKnownFileType = sourcecode.c.objc; path = NeTV_RemoteAppDelegate.m; sourceTree = "<group>"; };
		4207DC9B143D9A9F00FAD4AA /* NeTVViewController.h */ = {isa = PBXFileReference; fileEncoding = 4; lastKnownFileType = sourcecode.c.h; path = NeTVViewController.h; sourceTree = "<group>"; };
		4207DC9C143D9A9F00FAD4AA /* NeTVViewController.m */ = {isa = PBXFileReference; fileEncoding = 4; lastKnownFileType = sourcecode.c.objc; path = NeTVViewController.m; sourceTree = "<group>"; };
		4207DC9D143D9A9F00FAD4AA /* NeTVViewController_iPhone.xib */ = {isa = PBXFileReference; fileEncoding = 4; lastKnownFileType = file.xib; path = NeTVViewController_iPhone.xib; sourceTree = "<group>"; };
		4207DCA0143D9A9F00FAD4AA /* RemoteController.h */ = {isa = PBXFileReference; fileEncoding = 4; lastKnownFileType = sourcecode.c.h; path = RemoteController.h; sourceTree = "<group>"; };
		4207DCA1143D9A9F00FAD4AA /* RemoteController.m */ = {isa = PBXFileReference; fileEncoding = 4; lastKnownFileType = sourcecode.c.objc; path = RemoteController.m; sourceTree = "<group>"; };
		4207DCA2143D9A9F00FAD4AA /* RemoteController.xib */ = {isa = PBXFileReference; fileEncoding = 4; lastKnownFileType = file.xib; path = RemoteController.xib; sourceTree = "<group>"; };
		4207DCCC143D9B1600FAD4AA /* en */ = {isa = PBXFileReference; lastKnownFileType = file.xib; name = en; path = "iPad/en.lproj/MainWindow-iPad.xib"; sourceTree = "<group>"; };
		4207DCCF143D9CF300FAD4AA /* AsyncSocket.h */ = {isa = PBXFileReference; fileEncoding = 4; lastKnownFileType = sourcecode.c.h; path = AsyncSocket.h; sourceTree = "<group>"; };
		4207DCD0143D9CF300FAD4AA /* AsyncSocket.m */ = {isa = PBXFileReference; fileEncoding = 4; lastKnownFileType = sourcecode.c.objc; path = AsyncSocket.m; sourceTree = "<group>"; };
		4207DCD1143D9CF300FAD4AA /* AsyncUdpSocket.h */ = {isa = PBXFileReference; fileEncoding = 4; lastKnownFileType = sourcecode.c.h; path = AsyncUdpSocket.h; sourceTree = "<group>"; };
		4207DCD2143D9CF300FAD4AA /* AsyncUdpSocket.m */ = {isa = PBXFileReference; fileEncoding = 4; lastKnownFileType = sourcecode.c.objc; path = AsyncUdpSocket.m; sourceTree = "<group>"; };
		4207DCD3143D9CF300FAD4AA /* CommService.h */ = {isa = PBXFileReference; fileEncoding = 4; lastKnownFileType = sourcecode.c.h; path = CommService.h; sourceTree = "<group>"; };
		4207DCD4143D9CF300FAD4AA /* CommService.m */ = {isa = PBXFileReference; fileEncoding = 4; lastKnownFileType = sourcecode.c.objc; path = CommService.m; sourceTree = "<group>"; };
		4207DCD5143D9CF300FAD4AA /* Reachability.h */ = {isa = PBXFileReference; fileEncoding = 4; lastKnownFileType = sourcecode.c.h; path = Reachability.h; sourceTree = "<group>"; };
		4207DCD6143D9CF300FAD4AA /* Reachability.m */ = {isa = PBXFileReference; fileEncoding = 4; lastKnownFileType = sourcecode.c.objc; path = Reachability.m; sourceTree = "<group>"; };
		4207DCD7143D9CF300FAD4AA /* UIDevice-Hardware.h */ = {isa = PBXFileReference; fileEncoding = 4; lastKnownFileType = sourcecode.c.h; path = "UIDevice-Hardware.h"; sourceTree = "<group>"; };
		4207DCD8143D9CF300FAD4AA /* UIDevice-Hardware.m */ = {isa = PBXFileReference; fileEncoding = 4; lastKnownFileType = sourcecode.c.objc; path = "UIDevice-Hardware.m"; sourceTree = "<group>"; };
		4207DCD9143D9CF300FAD4AA /* VTPG_Common.h */ = {isa = PBXFileReference; fileEncoding = 4; lastKnownFileType = sourcecode.c.h; path = VTPG_Common.h; sourceTree = "<group>"; };
		4207DCDA143D9CF300FAD4AA /* VTPG_Common.m */ = {isa = PBXFileReference; fileEncoding = 4; lastKnownFileType = sourcecode.c.objc; path = VTPG_Common.m; sourceTree = "<group>"; };
		4207DCDB143D9CF300FAD4AA /* XMLReader.h */ = {isa = PBXFileReference; fileEncoding = 4; lastKnownFileType = sourcecode.c.h; path = XMLReader.h; sourceTree = "<group>"; };
		4207DCDC143D9CF300FAD4AA /* XMLReader.m */ = {isa = PBXFileReference; fileEncoding = 4; lastKnownFileType = sourcecode.c.objc; path = XMLReader.m; sourceTree = "<group>"; };
		4207DCE4143D9F2A00FAD4AA /* Icon.png */ = {isa = PBXFileReference; lastKnownFileType = image.png; path = Icon.png; sourceTree = "<group>"; };
		4207DCE6143D9F2F00FAD4AA /* Icon@2x.png */ = {isa = PBXFileReference; lastKnownFileType = image.png; path = "Icon@2x.png"; sourceTree = "<group>"; };
		4207DCE8143D9F4700FAD4AA /* Icon-72.png */ = {isa = PBXFileReference; lastKnownFileType = image.png; path = "Icon-72.png"; sourceTree = "<group>"; };
		421FD08B143EC819001CF8E7 /* libz.dylib */ = {isa = PBXFileReference; lastKnownFileType = "compiled.mach-o.dylib"; name = libz.dylib; path = usr/lib/libz.dylib; sourceTree = SDKROOT; };
		4244FB26146E352A00AFA378 /* loading_icon.png */ = {isa = PBXFileReference; lastKnownFileType = image.png; path = loading_icon.png; sourceTree = "<group>"; };
		4244FB27146E352A00AFA378 /* loading_icon@2x.png */ = {isa = PBXFileReference; lastKnownFileType = image.png; path = "loading_icon@2x.png"; sourceTree = "<group>"; };
		4244FB2B146E3A4E00AFA378 /* QuartzCore.framework */ = {isa = PBXFileReference; lastKnownFileType = wrapper.framework; name = QuartzCore.framework; path = System/Library/Frameworks/QuartzCore.framework; sourceTree = SDKROOT; };
		42669001146A613B00E91493 /* ASIAuthenticationDialog.h */ = {isa = PBXFileReference; fileEncoding = 4; lastKnownFileType = sourcecode.c.h; path = ASIAuthenticationDialog.h; sourceTree = "<group>"; };
		42669002146A613B00E91493 /* ASIAuthenticationDialog.m */ = {isa = PBXFileReference; fileEncoding = 4; lastKnownFileType = sourcecode.c.objc; path = ASIAuthenticationDialog.m; sourceTree = "<group>"; };
		42669003146A613B00E91493 /* ASICacheDelegate.h */ = {isa = PBXFileReference; fileEncoding = 4; lastKnownFileType = sourcecode.c.h; path = ASICacheDelegate.h; sourceTree = "<group>"; };
		42669004146A613B00E91493 /* ASIDataCompressor.h */ = {isa = PBXFileReference; fileEncoding = 4; lastKnownFileType = sourcecode.c.h; path = ASIDataCompressor.h; sourceTree = "<group>"; };
		42669005146A613B00E91493 /* ASIDataCompressor.m */ = {isa = PBXFileReference; fileEncoding = 4; lastKnownFileType = sourcecode.c.objc; path = ASIDataCompressor.m; sourceTree = "<group>"; };
		42669006146A613B00E91493 /* ASIDataDecompressor.h */ = {isa = PBXFileReference; fileEncoding = 4; lastKnownFileType = sourcecode.c.h; path = ASIDataDecompressor.h; sourceTree = "<group>"; };
		42669007146A613B00E91493 /* ASIDataDecompressor.m */ = {isa = PBXFileReference; fileEncoding = 4; lastKnownFileType = sourcecode.c.objc; path = ASIDataDecompressor.m; sourceTree = "<group>"; };
		42669008146A613B00E91493 /* ASIDownloadCache.h */ = {isa = PBXFileReference; fileEncoding = 4; lastKnownFileType = sourcecode.c.h; path = ASIDownloadCache.h; sourceTree = "<group>"; };
		42669009146A613B00E91493 /* ASIDownloadCache.m */ = {isa = PBXFileReference; fileEncoding = 4; lastKnownFileType = sourcecode.c.objc; path = ASIDownloadCache.m; sourceTree = "<group>"; };
		4266900A146A613B00E91493 /* ASIFormDataRequest.h */ = {isa = PBXFileReference; fileEncoding = 4; lastKnownFileType = sourcecode.c.h; path = ASIFormDataRequest.h; sourceTree = "<group>"; };
		4266900B146A613B00E91493 /* ASIFormDataRequest.m */ = {isa = PBXFileReference; fileEncoding = 4; lastKnownFileType = sourcecode.c.objc; path = ASIFormDataRequest.m; sourceTree = "<group>"; };
		4266900C146A613B00E91493 /* ASIHTTPRequest.h */ = {isa = PBXFileReference; fileEncoding = 4; lastKnownFileType = sourcecode.c.h; path = ASIHTTPRequest.h; sourceTree = "<group>"; };
		4266900D146A613B00E91493 /* ASIHTTPRequest.m */ = {isa = PBXFileReference; fileEncoding = 4; lastKnownFileType = sourcecode.c.objc; path = ASIHTTPRequest.m; sourceTree = "<group>"; };
		4266900E146A613B00E91493 /* ASIHTTPRequestConfig.h */ = {isa = PBXFileReference; fileEncoding = 4; lastKnownFileType = sourcecode.c.h; path = ASIHTTPRequestConfig.h; sourceTree = "<group>"; };
		4266900F146A613B00E91493 /* ASIHTTPRequestDelegate.h */ = {isa = PBXFileReference; fileEncoding = 4; lastKnownFileType = sourcecode.c.h; path = ASIHTTPRequestDelegate.h; sourceTree = "<group>"; };
		42669010146A613B00E91493 /* ASIInputStream.h */ = {isa = PBXFileReference; fileEncoding = 4; lastKnownFileType = sourcecode.c.h; path = ASIInputStream.h; sourceTree = "<group>"; };
		42669011146A613B00E91493 /* ASIInputStream.m */ = {isa = PBXFileReference; fileEncoding = 4; lastKnownFileType = sourcecode.c.objc; path = ASIInputStream.m; sourceTree = "<group>"; };
		42669012146A613B00E91493 /* ASINetworkQueue.h */ = {isa = PBXFileReference; fileEncoding = 4; lastKnownFileType = sourcecode.c.h; path = ASINetworkQueue.h; sourceTree = "<group>"; };
		42669013146A613B00E91493 /* ASINetworkQueue.m */ = {isa = PBXFileReference; fileEncoding = 4; lastKnownFileType = sourcecode.c.objc; path = ASINetworkQueue.m; sourceTree = "<group>"; };
		42669014146A613B00E91493 /* ASIProgressDelegate.h */ = {isa = PBXFileReference; fileEncoding = 4; lastKnownFileType = sourcecode.c.h; path = ASIProgressDelegate.h; sourceTree = "<group>"; };
		42669022146A61AD00E91493 /* MobileCoreServices.framework */ = {isa = PBXFileReference; lastKnownFileType = wrapper.framework; name = MobileCoreServices.framework; path = System/Library/Frameworks/MobileCoreServices.framework; sourceTree = SDKROOT; };
		42AD7FE21470D2F4003763F7 /* EGOPhotoViewController.h */ = {isa = PBXFileReference; fileEncoding = 4; lastKnownFileType = sourcecode.c.h; path = EGOPhotoViewController.h; sourceTree = "<group>"; };
		42AD7FE31470D2F4003763F7 /* EGOPhotoViewController.m */ = {isa = PBXFileReference; fileEncoding = 4; lastKnownFileType = sourcecode.c.objc; path = EGOPhotoViewController.m; sourceTree = "<group>"; };
		42AD7FE41470D2F4003763F7 /* EGOPhotoGlobal.h */ = {isa = PBXFileReference; fileEncoding = 4; lastKnownFileType = sourcecode.c.h; path = EGOPhotoGlobal.h; sourceTree = "<group>"; };
		42AD7FE71470D2F4003763F7 /* EGOCache.h */ = {isa = PBXFileReference; fileEncoding = 4; lastKnownFileType = sourcecode.c.h; path = EGOCache.h; sourceTree = "<group>"; };
		42AD7FE81470D2F4003763F7 /* EGOCache.m */ = {isa = PBXFileReference; fileEncoding = 4; lastKnownFileType = sourcecode.c.objc; path = EGOCache.m; sourceTree = "<group>"; };
		42AD7FEA1470D2F4003763F7 /* EGOImageLoadConnection.h */ = {isa = PBXFileReference; fileEncoding = 4; lastKnownFileType = sourcecode.c.h; path = EGOImageLoadConnection.h; sourceTree = "<group>"; };
		42AD7FEB1470D2F4003763F7 /* EGOImageLoadConnection.m */ = {isa = PBXFileReference; fileEncoding = 4; lastKnownFileType = sourcecode.c.objc; path = EGOImageLoadConnection.m; sourceTree = "<group>"; };
		42AD7FEC1470D2F4003763F7 /* EGOImageLoader.h */ = {isa = PBXFileReference; fileEncoding = 4; lastKnownFileType = sourcecode.c.h; path = EGOImageLoader.h; sourceTree = "<group>"; };
		42AD7FED1470D2F4003763F7 /* EGOImageLoader.m */ = {isa = PBXFileReference; fileEncoding = 4; lastKnownFileType = sourcecode.c.objc; path = EGOImageLoader.m; sourceTree = "<group>"; };
		42AD7FEF1470D2F4003763F7 /* EGOPhotoSource.h */ = {isa = PBXFileReference; fileEncoding = 4; lastKnownFileType = sourcecode.c.h; path = EGOPhotoSource.h; sourceTree = "<group>"; };
		42AD7FF11470D2F4003763F7 /* EGOQuickPhoto.h */ = {isa = PBXFileReference; fileEncoding = 4; lastKnownFileType = sourcecode.c.h; path = EGOQuickPhoto.h; sourceTree = "<group>"; };
		42AD7FF21470D2F4003763F7 /* EGOQuickPhoto.m */ = {isa = PBXFileReference; fileEncoding = 4; lastKnownFileType = sourcecode.c.objc; path = EGOQuickPhoto.m; sourceTree = "<group>"; };
		42AD7FF31470D2F4003763F7 /* EGOQuickPhotoSource.h */ = {isa = PBXFileReference; fileEncoding = 4; lastKnownFileType = sourcecode.c.h; path = EGOQuickPhotoSource.h; sourceTree = "<group>"; };
		42AD7FF41470D2F4003763F7 /* EGOQuickPhotoSource.m */ = {isa = PBXFileReference; fileEncoding = 4; lastKnownFileType = sourcecode.c.objc; path = EGOQuickPhotoSource.m; sourceTree = "<group>"; };
		42AD7FF51470D2F4003763F7 /* MyPhoto.h */ = {isa = PBXFileReference; fileEncoding = 4; lastKnownFileType = sourcecode.c.h; path = MyPhoto.h; sourceTree = "<group>"; };
		42AD7FF61470D2F4003763F7 /* MyPhoto.m */ = {isa = PBXFileReference; fileEncoding = 4; lastKnownFileType = sourcecode.c.objc; path = MyPhoto.m; sourceTree = "<group>"; };
		42AD7FF71470D2F4003763F7 /* MyPhotoSource.h */ = {isa = PBXFileReference; fileEncoding = 4; lastKnownFileType = sourcecode.c.h; path = MyPhotoSource.h; sourceTree = "<group>"; };
		42AD7FF81470D2F4003763F7 /* MyPhotoSource.m */ = {isa = PBXFileReference; fileEncoding = 4; lastKnownFileType = sourcecode.c.objc; path = MyPhotoSource.m; sourceTree = "<group>"; };
		42AD7FFA1470D2F4003763F7 /* egopv_error_placeholder.png */ = {isa = PBXFileReference; lastKnownFileType = image.png; path = egopv_error_placeholder.png; sourceTree = "<group>"; };
		42AD7FFB1470D2F4003763F7 /* egopv_error_placeholder@2x.png */ = {isa = PBXFileReference; lastKnownFileType = image.png; path = "egopv_error_placeholder@2x.png"; sourceTree = "<group>"; };
		42AD7FFC1470D2F4003763F7 /* egopv_fullscreen_button.png */ = {isa = PBXFileReference; lastKnownFileType = image.png; path = egopv_fullscreen_button.png; sourceTree = "<group>"; };
		42AD7FFD1470D2F4003763F7 /* egopv_fullscreen_button@2x.png */ = {isa = PBXFileReference; lastKnownFileType = image.png; path = "egopv_fullscreen_button@2x.png"; sourceTree = "<group>"; };
		42AD7FFE1470D2F4003763F7 /* egopv_left.png */ = {isa = PBXFileReference; lastKnownFileType = image.png; path = egopv_left.png; sourceTree = "<group>"; };
		42AD7FFF1470D2F4003763F7 /* egopv_left@2x.png */ = {isa = PBXFileReference; lastKnownFileType = image.png; path = "egopv_left@2x.png"; sourceTree = "<group>"; };
		42AD80001470D2F4003763F7 /* egopv_minimize_fullscreen_button.png */ = {isa = PBXFileReference; lastKnownFileType = image.png; path = egopv_minimize_fullscreen_button.png; sourceTree = "<group>"; };
		42AD80011470D2F4003763F7 /* egopv_photo_placeholder.png */ = {isa = PBXFileReference; lastKnownFileType = image.png; path = egopv_photo_placeholder.png; sourceTree = "<group>"; };
		42AD80021470D2F4003763F7 /* egopv_photo_placeholder@2x.png */ = {isa = PBXFileReference; lastKnownFileType = image.png; path = "egopv_photo_placeholder@2x.png"; sourceTree = "<group>"; };
		42AD80031470D2F4003763F7 /* egopv_right.png */ = {isa = PBXFileReference; lastKnownFileType = image.png; path = egopv_right.png; sourceTree = "<group>"; };
		42AD80041470D2F4003763F7 /* egopv_right@2x.png */ = {isa = PBXFileReference; lastKnownFileType = image.png; path = "egopv_right@2x.png"; sourceTree = "<group>"; };
		42AD80071470D2F4003763F7 /* EGOPhotoCaptionView.h */ = {isa = PBXFileReference; fileEncoding = 4; lastKnownFileType = sourcecode.c.h; path = EGOPhotoCaptionView.h; sourceTree = "<group>"; };
		42AD80081470D2F4003763F7 /* EGOPhotoCaptionView.m */ = {isa = PBXFileReference; fileEncoding = 4; lastKnownFileType = sourcecode.c.objc; path = EGOPhotoCaptionView.m; sourceTree = "<group>"; };
		42AD800A1470D2F4003763F7 /* EGOPhotoImageView.h */ = {isa = PBXFileReference; fileEncoding = 4; lastKnownFileType = sourcecode.c.h; path = EGOPhotoImageView.h; sourceTree = "<group>"; };
		42AD800B1470D2F4003763F7 /* EGOPhotoImageView.m */ = {isa = PBXFileReference; fileEncoding = 4; lastKnownFileType = sourcecode.c.objc; path = EGOPhotoImageView.m; sourceTree = "<group>"; };
		42AD800D1470D2F4003763F7 /* EGOPhotoScrollView.h */ = {isa = PBXFileReference; fileEncoding = 4; lastKnownFileType = sourcecode.c.h; path = EGOPhotoScrollView.h; sourceTree = "<group>"; };
		42AD800E1470D2F4003763F7 /* EGOPhotoScrollView.m */ = {isa = PBXFileReference; fileEncoding = 4; lastKnownFileType = sourcecode.c.objc; path = EGOPhotoScrollView.m; sourceTree = "<group>"; };
		42AD80101470D2F4003763F7 /* ELCAlbumPickerController.h */ = {isa = PBXFileReference; fileEncoding = 4; lastKnownFileType = sourcecode.c.h; path = ELCAlbumPickerController.h; sourceTree = "<group>"; };
		42AD80111470D2F4003763F7 /* ELCAlbumPickerController.m */ = {isa = PBXFileReference; fileEncoding = 4; lastKnownFileType = sourcecode.c.objc; path = ELCAlbumPickerController.m; sourceTree = "<group>"; };
		42AD80121470D2F4003763F7 /* ELCAlbumPickerController.xib */ = {isa = PBXFileReference; fileEncoding = 4; lastKnownFileType = file.xib; path = ELCAlbumPickerController.xib; sourceTree = "<group>"; };
		42AD80131470D2F4003763F7 /* ELCAsset.h */ = {isa = PBXFileReference; fileEncoding = 4; lastKnownFileType = sourcecode.c.h; path = ELCAsset.h; sourceTree = "<group>"; };
		42AD80141470D2F4003763F7 /* ELCAsset.m */ = {isa = PBXFileReference; fileEncoding = 4; lastKnownFileType = sourcecode.c.objc; path = ELCAsset.m; sourceTree = "<group>"; };
		42AD80151470D2F4003763F7 /* ELCAssetCell.h */ = {isa = PBXFileReference; fileEncoding = 4; lastKnownFileType = sourcecode.c.h; path = ELCAssetCell.h; sourceTree = "<group>"; };
		42AD80161470D2F4003763F7 /* ELCAssetCell.m */ = {isa = PBXFileReference; fileEncoding = 4; lastKnownFileType = sourcecode.c.objc; path = ELCAssetCell.m; sourceTree = "<group>"; };
		42AD80171470D2F4003763F7 /* ELCAssetPicker.xib */ = {isa = PBXFileReference; fileEncoding = 4; lastKnownFileType = file.xib; path = ELCAssetPicker.xib; sourceTree = "<group>"; };
		42AD80181470D2F4003763F7 /* ELCAssetTablePicker.h */ = {isa = PBXFileReference; fileEncoding = 4; lastKnownFileType = sourcecode.c.h; path = ELCAssetTablePicker.h; sourceTree = "<group>"; };
		42AD80191470D2F4003763F7 /* ELCAssetTablePicker.m */ = {isa = PBXFileReference; fileEncoding = 4; lastKnownFileType = sourcecode.c.objc; path = ELCAssetTablePicker.m; sourceTree = "<group>"; };
		42AD801A1470D2F4003763F7 /* ELCAssetTablePicker.xib */ = {isa = PBXFileReference; fileEncoding = 4; lastKnownFileType = file.xib; path = ELCAssetTablePicker.xib; sourceTree = "<group>"; };
		42AD801B1470D2F4003763F7 /* ELCImagePickerController.h */ = {isa = PBXFileReference; fileEncoding = 4; lastKnownFileType = sourcecode.c.h; path = ELCImagePickerController.h; sourceTree = "<group>"; };
		42AD801C1470D2F4003763F7 /* ELCImagePickerController.m */ = {isa = PBXFileReference; fileEncoding = 4; lastKnownFileType = sourcecode.c.objc; path = ELCImagePickerController.m; sourceTree = "<group>"; };
		42AD801D1470D2F4003763F7 /* ELCImagePickerController.xib */ = {isa = PBXFileReference; fileEncoding = 4; lastKnownFileType = file.xib; path = ELCImagePickerController.xib; sourceTree = "<group>"; };
		42AD801E1470D2F4003763F7 /* Overlay.png */ = {isa = PBXFileReference; lastKnownFileType = image.png; path = Overlay.png; sourceTree = "<group>"; };
		42AD801F1470D2F4003763F7 /* Overlay@2x.png */ = {isa = PBXFileReference; lastKnownFileType = image.png; path = "Overlay@2x.png"; sourceTree = "<group>"; };
		42AD80211470D2F4003763F7 /* UIImage+Alpha.h */ = {isa = PBXFileReference; fileEncoding = 4; lastKnownFileType = sourcecode.c.h; path = "UIImage+Alpha.h"; sourceTree = "<group>"; };
		42AD80221470D2F4003763F7 /* UIImage+Alpha.m */ = {isa = PBXFileReference; fileEncoding = 4; lastKnownFileType = sourcecode.c.objc; path = "UIImage+Alpha.m"; sourceTree = "<group>"; };
		42AD80231470D2F4003763F7 /* UIImage+Resize.h */ = {isa = PBXFileReference; fileEncoding = 4; lastKnownFileType = sourcecode.c.h; path = "UIImage+Resize.h"; sourceTree = "<group>"; };
		42AD80241470D2F4003763F7 /* UIImage+Resize.m */ = {isa = PBXFileReference; fileEncoding = 4; lastKnownFileType = sourcecode.c.objc; path = "UIImage+Resize.m"; sourceTree = "<group>"; };
		42AD80251470D2F4003763F7 /* UIImage+RoundedCorner.h */ = {isa = PBXFileReference; fileEncoding = 4; lastKnownFileType = sourcecode.c.h; path = "UIImage+RoundedCorner.h"; sourceTree = "<group>"; };
		42AD80261470D2F4003763F7 /* UIImage+RoundedCorner.m */ = {isa = PBXFileReference; fileEncoding = 4; lastKnownFileType = sourcecode.c.objc; path = "UIImage+RoundedCorner.m"; sourceTree = "<group>"; };
		42AD804C1470D6EF003763F7 /* AssetsLibrary.framework */ = {isa = PBXFileReference; lastKnownFileType = wrapper.framework; name = AssetsLibrary.framework; path = System/Library/Frameworks/AssetsLibrary.framework; sourceTree = SDKROOT; };
		42B36E5C146D231900F6B358 /* bottombar_info.png */ = {isa = PBXFileReference; lastKnownFileType = image.png; path = bottombar_info.png; sourceTree = "<group>"; };
		42B36E5D146D231900F6B358 /* bottombar_info@2x.png */ = {isa = PBXFileReference; lastKnownFileType = image.png; path = "bottombar_info@2x.png"; sourceTree = "<group>"; };
		42BA3CBE1470C42A000A855B /* btn_center_deco.png */ = {isa = PBXFileReference; lastKnownFileType = image.png; path = btn_center_deco.png; sourceTree = "<group>"; };
		42BA3CBF1470C42A000A855B /* btn_center_down.png */ = {isa = PBXFileReference; lastKnownFileType = image.png; path = btn_center_down.png; sourceTree = "<group>"; };
		42BA3CC01470C42A000A855B /* btn_center_normal.png */ = {isa = PBXFileReference; lastKnownFileType = image.png; path = btn_center_normal.png; sourceTree = "<group>"; };
		42BA3CC21470C42A000A855B /* btn_down_down.png */ = {isa = PBXFileReference; lastKnownFileType = image.png; path = btn_down_down.png; sourceTree = "<group>"; };
		42BA3CC31470C42A000A855B /* btn_down_normal.png */ = {isa = PBXFileReference; lastKnownFileType = image.png; path = btn_down_normal.png; sourceTree = "<group>"; };
		42BA3CC41470C42A000A855B /* btn_left_down.png */ = {isa = PBXFileReference; lastKnownFileType = image.png; path = btn_left_down.png; sourceTree = "<group>"; };
		42BA3CC51470C42A000A855B /* btn_left_normal.png */ = {isa = PBXFileReference; lastKnownFileType = image.png; path = btn_left_normal.png; sourceTree = "<group>"; };
		42BA3CC61470C42A000A855B /* btn_right_down.png */ = {isa = PBXFileReference; lastKnownFileType = image.png; path = btn_right_down.png; sourceTree = "<group>"; };
		42BA3CC71470C42A000A855B /* btn_right_normal.png */ = {isa = PBXFileReference; lastKnownFileType = image.png; path = btn_right_normal.png; sourceTree = "<group>"; };
		42BA3CC81470C42A000A855B /* btn_up_down.png */ = {isa = PBXFileReference; lastKnownFileType = image.png; path = btn_up_down.png; sourceTree = "<group>"; };
		42BA3CC91470C42A000A855B /* btn_up_normal.png */ = {isa = PBXFileReference; lastKnownFileType = image.png; path = btn_up_normal.png; sourceTree = "<group>"; };
		8FF36F3C14165AD900A91FC0 /* netv.app */ = {isa = PBXFileReference; explicitFileType = wrapper.application; includeInIndex = 0; path = netv.app; sourceTree = BUILT_PRODUCTS_DIR; };
		8FF36F4014165AD900A91FC0 /* UIKit.framework */ = {isa = PBXFileReference; lastKnownFileType = wrapper.framework; name = UIKit.framework; path = System/Library/Frameworks/UIKit.framework; sourceTree = SDKROOT; };
		8FF36F4214165AD900A91FC0 /* Foundation.framework */ = {isa = PBXFileReference; lastKnownFileType = wrapper.framework; name = Foundation.framework; path = System/Library/Frameworks/Foundation.framework; sourceTree = SDKROOT; };
		8FF36F4414165AD900A91FC0 /* CoreGraphics.framework */ = {isa = PBXFileReference; lastKnownFileType = wrapper.framework; name = CoreGraphics.framework; path = System/Library/Frameworks/CoreGraphics.framework; sourceTree = SDKROOT; };
		8FF36F9F14165B7600A91FC0 /* SystemConfiguration.framework */ = {isa = PBXFileReference; lastKnownFileType = wrapper.framework; name = SystemConfiguration.framework; path = System/Library/Frameworks/SystemConfiguration.framework; sourceTree = SDKROOT; };
		8FF36FA114165B7D00A91FC0 /* CFNetwork.framework */ = {isa = PBXFileReference; lastKnownFileType = wrapper.framework; name = CFNetwork.framework; path = System/Library/Frameworks/CFNetwork.framework; sourceTree = SDKROOT; };
		F24DC785144C50F300AB3BA1 /* MessageUI.framework */ = {isa = PBXFileReference; lastKnownFileType = wrapper.framework; name = MessageUI.framework; path = System/Library/Frameworks/MessageUI.framework; sourceTree = SDKROOT; };
		F24DC788144C516200AB3BA1 /* SVWebViewController.bundle */ = {isa = PBXFileReference; lastKnownFileType = "wrapper.plug-in"; path = SVWebViewController.bundle; sourceTree = "<group>"; };
		F24DC789144C516200AB3BA1 /* SVWebViewController.h */ = {isa = PBXFileReference; fileEncoding = 4; lastKnownFileType = sourcecode.c.h; path = SVWebViewController.h; sourceTree = "<group>"; };
		F24DC78A144C516200AB3BA1 /* SVWebViewController.m */ = {isa = PBXFileReference; fileEncoding = 4; lastKnownFileType = sourcecode.c.objc; path = SVWebViewController.m; sourceTree = "<group>"; };
/* End PBXFileReference section */

/* Begin PBXFrameworksBuildPhase section */
		8FF36F3914165AD900A91FC0 /* Frameworks */ = {
			isa = PBXFrameworksBuildPhase;
			buildActionMask = 2147483647;
			files = (
				421FD08C143EC819001CF8E7 /* libz.dylib in Frameworks */,
				42AD804D1470D6EF003763F7 /* AssetsLibrary.framework in Frameworks */,
				4244FB2C146E3A4E00AFA378 /* QuartzCore.framework in Frameworks */,
				42669023146A61AD00E91493 /* MobileCoreServices.framework in Frameworks */,
				F24DC786144C50F300AB3BA1 /* MessageUI.framework in Frameworks */,
				8FF36FA214165B7D00A91FC0 /* CFNetwork.framework in Frameworks */,
				8FF36FA014165B7700A91FC0 /* SystemConfiguration.framework in Frameworks */,
				8FF36F4114165AD900A91FC0 /* UIKit.framework in Frameworks */,
				8FF36F4314165AD900A91FC0 /* Foundation.framework in Frameworks */,
				8FF36F4514165AD900A91FC0 /* CoreGraphics.framework in Frameworks */,
			);
			runOnlyForDeploymentPostprocessing = 0;
		};
/* End PBXFrameworksBuildPhase section */

/* Begin PBXGroup section */
		4207DC77143D9A9F00FAD4AA /* NeTV */ = {
			isa = PBXGroup;
			children = (
				F24DC787144C516200AB3BA1 /* SVWebViewController */,
				4207DCCE143D9CF300FAD4AA /* SharedClasses */,
				4207DCCA143D9B1600FAD4AA /* iPad */,
				4207DC89143D9A9F00FAD4AA /* Images */,
				4201DD7B146CDAF90080FF33 /* BaseController.h */,
				4201DD7C146CDAF90080FF33 /* BaseController.m */,
				4207DC7C143D9A9F00FAD4AA /* ChooseHomeNetworkController.h */,
				4207DC7D143D9A9F00FAD4AA /* ChooseHomeNetworkController.m */,
				4207DC7E143D9A9F00FAD4AA /* ChooseHomeNetworkController.xib */,
				4201DD68146B9A0B0080FF33 /* ChooseIPCellView.h */,
				4201DD69146B9A0B0080FF33 /* ChooseIPCellView.m */,
				4201DD6B146B9EEC0080FF33 /* ChooseIPCellView.xib */,
				4207DC7F143D9A9F00FAD4AA /* ChooseIPController.h */,
				4207DC80143D9A9F00FAD4AA /* ChooseIPController.m */,
				4207DC81143D9A9F00FAD4AA /* ChooseIPController.xib */,
				4207DC85143D9A9F00FAD4AA /* InfoPlist.strings */,
				4207DC87143D9A9F00FAD4AA /* MainWindow.xib */,
				4207DC95143D9A9F00FAD4AA /* main.m */,
				4207DC99143D9A9F00FAD4AA /* NeTV_RemoteAppDelegate.h */,
				4207DC9A143D9A9F00FAD4AA /* NeTV_RemoteAppDelegate.m */,
				4207DC9B143D9A9F00FAD4AA /* NeTVViewController.h */,
				4207DC9C143D9A9F00FAD4AA /* NeTVViewController.m */,
				4207DC9D143D9A9F00FAD4AA /* NeTVViewController_iPhone.xib */,
				4207DCA0143D9A9F00FAD4AA /* RemoteController.h */,
				4207DCA1143D9A9F00FAD4AA /* RemoteController.m */,
				4207DCA2143D9A9F00FAD4AA /* RemoteController.xib */,
			);
			path = NeTV;
			sourceTree = "<group>";
		};
		4207DC89143D9A9F00FAD4AA /* Images */ = {
			isa = PBXGroup;
			children = (
				42BA3CBE1470C42A000A855B /* btn_center_deco.png */,
				42BA3CBF1470C42A000A855B /* btn_center_down.png */,
				42BA3CC01470C42A000A855B /* btn_center_normal.png */,
				42BA3CC21470C42A000A855B /* btn_down_down.png */,
				42BA3CC31470C42A000A855B /* btn_down_normal.png */,
				42BA3CC41470C42A000A855B /* btn_left_down.png */,
				42BA3CC51470C42A000A855B /* btn_left_normal.png */,
				42BA3CC61470C42A000A855B /* btn_right_down.png */,
				42BA3CC71470C42A000A855B /* btn_right_normal.png */,
				42BA3CC81470C42A000A855B /* btn_up_down.png */,
				42BA3CC91470C42A000A855B /* btn_up_normal.png */,
				4244FB26146E352A00AFA378 /* loading_icon.png */,
				4244FB27146E352A00AFA378 /* loading_icon@2x.png */,
				42B36E5C146D231900F6B358 /* bottombar_info.png */,
				42B36E5D146D231900F6B358 /* bottombar_info@2x.png */,
				4201DD7E146D15210080FF33 /* bottombar_error.png */,
				4201DD7F146D15210080FF33 /* bottombar_error@2x.png */,
				4201DD66146B95B90080FF33 /* device_list_bg.png */,
				4201DD6D146BA1680080FF33 /* device_list_bg@2x.png */,
				4201DD6E146BA1680080FF33 /* device_list_cell_bg.png */,
				4201DD6F146BA1680080FF33 /* device_list_cell_bg@2x.png */,
				4201DD77146BB23A0080FF33 /* device_list_cell_bg_selected.png */,
				4201DD78146BB23A0080FF33 /* device_list_cell_bg_selected@2x.png */,
				4201DD61146B8EFF0080FF33 /* navbar_back.png */,
				4201DD73146BA1780080FF33 /* navbar_back@2x.png */,
				4201DD62146B8EFF0080FF33 /* navbar_bg.png */,
				4201DD74146BA1780080FF33 /* navbar_bg@2x.png */,
				4207DC8A143D9A9F00FAD4AA /* btn_controlpanel.png */,
				4207DC8B143D9A9F00FAD4AA /* btn_widget.png */,
				4207DC8D143D9A9F00FAD4AA /* chumby.png */,
				4207DC90143D9A9F00FAD4AA /* icon.png */,
			);
			path = Images;
			sourceTree = "<group>";
		};
		4207DCCA143D9B1600FAD4AA /* iPad */ = {
			isa = PBXGroup;
			children = (
				4207DCCB143D9B1600FAD4AA /* MainWindow-iPad.xib */,
			);
			name = iPad;
			sourceTree = "<group>";
		};
		4207DCCE143D9CF300FAD4AA /* SharedClasses */ = {
			isa = PBXGroup;
			children = (
				42AD7FDF1470D2F4003763F7 /* EGOPhotoViewer */,
				42AD800F1470D2F4003763F7 /* ELCImagePicker */,
				42AD80201470D2F4003763F7 /* UIImage-extensions */,
				42669000146A613B00E91493 /* ASIHTTPRequest */,
				4207DCCF143D9CF300FAD4AA /* AsyncSocket.h */,
				4207DCD0143D9CF300FAD4AA /* AsyncSocket.m */,
				4207DCD1143D9CF300FAD4AA /* AsyncUdpSocket.h */,
				4207DCD2143D9CF300FAD4AA /* AsyncUdpSocket.m */,
				4207DCD3143D9CF300FAD4AA /* CommService.h */,
				4207DCD4143D9CF300FAD4AA /* CommService.m */,
				4207DCD5143D9CF300FAD4AA /* Reachability.h */,
				4207DCD6143D9CF300FAD4AA /* Reachability.m */,
				4207DCD7143D9CF300FAD4AA /* UIDevice-Hardware.h */,
				4207DCD8143D9CF300FAD4AA /* UIDevice-Hardware.m */,
				4207DCD9143D9CF300FAD4AA /* VTPG_Common.h */,
				4207DCDA143D9CF300FAD4AA /* VTPG_Common.m */,
				4207DCDB143D9CF300FAD4AA /* XMLReader.h */,
				4207DCDC143D9CF300FAD4AA /* XMLReader.m */,
			);
			path = SharedClasses;
			sourceTree = "<group>";
		};
		42669000146A613B00E91493 /* ASIHTTPRequest */ = {
			isa = PBXGroup;
			children = (
				42669001146A613B00E91493 /* ASIAuthenticationDialog.h */,
				42669002146A613B00E91493 /* ASIAuthenticationDialog.m */,
				42669003146A613B00E91493 /* ASICacheDelegate.h */,
				42669004146A613B00E91493 /* ASIDataCompressor.h */,
				42669005146A613B00E91493 /* ASIDataCompressor.m */,
				42669006146A613B00E91493 /* ASIDataDecompressor.h */,
				42669007146A613B00E91493 /* ASIDataDecompressor.m */,
				42669008146A613B00E91493 /* ASIDownloadCache.h */,
				42669009146A613B00E91493 /* ASIDownloadCache.m */,
				4266900A146A613B00E91493 /* ASIFormDataRequest.h */,
				4266900B146A613B00E91493 /* ASIFormDataRequest.m */,
				4266900C146A613B00E91493 /* ASIHTTPRequest.h */,
				4266900D146A613B00E91493 /* ASIHTTPRequest.m */,
				4266900E146A613B00E91493 /* ASIHTTPRequestConfig.h */,
				4266900F146A613B00E91493 /* ASIHTTPRequestDelegate.h */,
				42669010146A613B00E91493 /* ASIInputStream.h */,
				42669011146A613B00E91493 /* ASIInputStream.m */,
				42669012146A613B00E91493 /* ASINetworkQueue.h */,
				42669013146A613B00E91493 /* ASINetworkQueue.m */,
				42669014146A613B00E91493 /* ASIProgressDelegate.h */,
			);
			path = ASIHTTPRequest;
			sourceTree = "<group>";
		};
		42AD7FDF1470D2F4003763F7 /* EGOPhotoViewer */ = {
			isa = PBXGroup;
			children = (
				42AD7FE01470D2F4003763F7 /* Controller */,
				42AD7FE41470D2F4003763F7 /* EGOPhotoGlobal.h */,
				42AD7FE51470D2F4003763F7 /* Model */,
				42AD7FF91470D2F4003763F7 /* Resources */,
				42AD80051470D2F4003763F7 /* Views */,
			);
			path = EGOPhotoViewer;
			sourceTree = "<group>";
		};
		42AD7FE01470D2F4003763F7 /* Controller */ = {
			isa = PBXGroup;
			children = (
				42AD7FE11470D2F4003763F7 /* EGOPhotoViewController */,
			);
			path = Controller;
			sourceTree = "<group>";
		};
		42AD7FE11470D2F4003763F7 /* EGOPhotoViewController */ = {
			isa = PBXGroup;
			children = (
				42AD7FE21470D2F4003763F7 /* EGOPhotoViewController.h */,
				42AD7FE31470D2F4003763F7 /* EGOPhotoViewController.m */,
			);
			path = EGOPhotoViewController;
			sourceTree = "<group>";
		};
		42AD7FE51470D2F4003763F7 /* Model */ = {
			isa = PBXGroup;
			children = (
				42AD7FE61470D2F4003763F7 /* EGOCache */,
				42AD7FE91470D2F4003763F7 /* EGOImageLoader */,
				42AD7FEE1470D2F4003763F7 /* EGOPhotoSource */,
				42AD7FF01470D2F4003763F7 /* EGOQuickPhoto */,
				42AD7FF51470D2F4003763F7 /* MyPhoto.h */,
				42AD7FF61470D2F4003763F7 /* MyPhoto.m */,
				42AD7FF71470D2F4003763F7 /* MyPhotoSource.h */,
				42AD7FF81470D2F4003763F7 /* MyPhotoSource.m */,
			);
			path = Model;
			sourceTree = "<group>";
		};
		42AD7FE61470D2F4003763F7 /* EGOCache */ = {
			isa = PBXGroup;
			children = (
				42AD7FE71470D2F4003763F7 /* EGOCache.h */,
				42AD7FE81470D2F4003763F7 /* EGOCache.m */,
			);
			path = EGOCache;
			sourceTree = "<group>";
		};
		42AD7FE91470D2F4003763F7 /* EGOImageLoader */ = {
			isa = PBXGroup;
			children = (
				42AD7FEA1470D2F4003763F7 /* EGOImageLoadConnection.h */,
				42AD7FEB1470D2F4003763F7 /* EGOImageLoadConnection.m */,
				42AD7FEC1470D2F4003763F7 /* EGOImageLoader.h */,
				42AD7FED1470D2F4003763F7 /* EGOImageLoader.m */,
			);
			path = EGOImageLoader;
			sourceTree = "<group>";
		};
		42AD7FEE1470D2F4003763F7 /* EGOPhotoSource */ = {
			isa = PBXGroup;
			children = (
				42AD7FEF1470D2F4003763F7 /* EGOPhotoSource.h */,
			);
			path = EGOPhotoSource;
			sourceTree = "<group>";
		};
		42AD7FF01470D2F4003763F7 /* EGOQuickPhoto */ = {
			isa = PBXGroup;
			children = (
				42AD7FF11470D2F4003763F7 /* EGOQuickPhoto.h */,
				42AD7FF21470D2F4003763F7 /* EGOQuickPhoto.m */,
				42AD7FF31470D2F4003763F7 /* EGOQuickPhotoSource.h */,
				42AD7FF41470D2F4003763F7 /* EGOQuickPhotoSource.m */,
			);
			path = EGOQuickPhoto;
			sourceTree = "<group>";
		};
		42AD7FF91470D2F4003763F7 /* Resources */ = {
			isa = PBXGroup;
			children = (
				42AD7FFA1470D2F4003763F7 /* egopv_error_placeholder.png */,
				42AD7FFB1470D2F4003763F7 /* egopv_error_placeholder@2x.png */,
				42AD7FFC1470D2F4003763F7 /* egopv_fullscreen_button.png */,
				42AD7FFD1470D2F4003763F7 /* egopv_fullscreen_button@2x.png */,
				42AD7FFE1470D2F4003763F7 /* egopv_left.png */,
				42AD7FFF1470D2F4003763F7 /* egopv_left@2x.png */,
				42AD80001470D2F4003763F7 /* egopv_minimize_fullscreen_button.png */,
				42AD80011470D2F4003763F7 /* egopv_photo_placeholder.png */,
				42AD80021470D2F4003763F7 /* egopv_photo_placeholder@2x.png */,
				42AD80031470D2F4003763F7 /* egopv_right.png */,
				42AD80041470D2F4003763F7 /* egopv_right@2x.png */,
			);
			path = Resources;
			sourceTree = "<group>";
		};
		42AD80051470D2F4003763F7 /* Views */ = {
			isa = PBXGroup;
			children = (
				42AD80061470D2F4003763F7 /* EGOPhotoCaptionView */,
				42AD80091470D2F4003763F7 /* EGOPhotoImageView */,
				42AD800C1470D2F4003763F7 /* EGOPhotoScrollView */,
			);
			path = Views;
			sourceTree = "<group>";
		};
		42AD80061470D2F4003763F7 /* EGOPhotoCaptionView */ = {
			isa = PBXGroup;
			children = (
				42AD80071470D2F4003763F7 /* EGOPhotoCaptionView.h */,
				42AD80081470D2F4003763F7 /* EGOPhotoCaptionView.m */,
			);
			path = EGOPhotoCaptionView;
			sourceTree = "<group>";
		};
		42AD80091470D2F4003763F7 /* EGOPhotoImageView */ = {
			isa = PBXGroup;
			children = (
				42AD800A1470D2F4003763F7 /* EGOPhotoImageView.h */,
				42AD800B1470D2F4003763F7 /* EGOPhotoImageView.m */,
			);
			path = EGOPhotoImageView;
			sourceTree = "<group>";
		};
		42AD800C1470D2F4003763F7 /* EGOPhotoScrollView */ = {
			isa = PBXGroup;
			children = (
				42AD800D1470D2F4003763F7 /* EGOPhotoScrollView.h */,
				42AD800E1470D2F4003763F7 /* EGOPhotoScrollView.m */,
			);
			path = EGOPhotoScrollView;
			sourceTree = "<group>";
		};
		42AD800F1470D2F4003763F7 /* ELCImagePicker */ = {
			isa = PBXGroup;
			children = (
				42AD80101470D2F4003763F7 /* ELCAlbumPickerController.h */,
				42AD80111470D2F4003763F7 /* ELCAlbumPickerController.m */,
				42AD80121470D2F4003763F7 /* ELCAlbumPickerController.xib */,
				42AD80131470D2F4003763F7 /* ELCAsset.h */,
				42AD80141470D2F4003763F7 /* ELCAsset.m */,
				42AD80151470D2F4003763F7 /* ELCAssetCell.h */,
				42AD80161470D2F4003763F7 /* ELCAssetCell.m */,
				42AD80171470D2F4003763F7 /* ELCAssetPicker.xib */,
				42AD80181470D2F4003763F7 /* ELCAssetTablePicker.h */,
				42AD80191470D2F4003763F7 /* ELCAssetTablePicker.m */,
				42AD801A1470D2F4003763F7 /* ELCAssetTablePicker.xib */,
				42AD801B1470D2F4003763F7 /* ELCImagePickerController.h */,
				42AD801C1470D2F4003763F7 /* ELCImagePickerController.m */,
				42AD801D1470D2F4003763F7 /* ELCImagePickerController.xib */,
				42AD801E1470D2F4003763F7 /* Overlay.png */,
				42AD801F1470D2F4003763F7 /* Overlay@2x.png */,
			);
			path = ELCImagePicker;
			sourceTree = "<group>";
		};
		42AD80201470D2F4003763F7 /* UIImage-extensions */ = {
			isa = PBXGroup;
			children = (
				42AD80211470D2F4003763F7 /* UIImage+Alpha.h */,
				42AD80221470D2F4003763F7 /* UIImage+Alpha.m */,
				42AD80231470D2F4003763F7 /* UIImage+Resize.h */,
				42AD80241470D2F4003763F7 /* UIImage+Resize.m */,
				42AD80251470D2F4003763F7 /* UIImage+RoundedCorner.h */,
				42AD80261470D2F4003763F7 /* UIImage+RoundedCorner.m */,
			);
			path = "UIImage-extensions";
			sourceTree = "<group>";
		};
		8FF36F3114165AD900A91FC0 = {
			isa = PBXGroup;
			children = (
				4207DCE8143D9F4700FAD4AA /* Icon-72.png */,
				4207DCE6143D9F2F00FAD4AA /* Icon@2x.png */,
				4207DCE4143D9F2A00FAD4AA /* Icon.png */,
				4207DC77143D9A9F00FAD4AA /* NeTV */,
				8FF36F3F14165AD900A91FC0 /* Frameworks */,
				8FF36F3D14165AD900A91FC0 /* Products */,
			);
			sourceTree = "<group>";
		};
		8FF36F3D14165AD900A91FC0 /* Products */ = {
			isa = PBXGroup;
			children = (
				8FF36F3C14165AD900A91FC0 /* netv.app */,
			);
			name = Products;
			sourceTree = "<group>";
		};
		8FF36F3F14165AD900A91FC0 /* Frameworks */ = {
			isa = PBXGroup;
			children = (
				421FD08B143EC819001CF8E7 /* libz.dylib */,
				42AD804C1470D6EF003763F7 /* AssetsLibrary.framework */,
				4244FB2B146E3A4E00AFA378 /* QuartzCore.framework */,
				42669022146A61AD00E91493 /* MobileCoreServices.framework */,
				F24DC785144C50F300AB3BA1 /* MessageUI.framework */,
				8FF36FA114165B7D00A91FC0 /* CFNetwork.framework */,
				8FF36F9F14165B7600A91FC0 /* SystemConfiguration.framework */,
				8FF36F4014165AD900A91FC0 /* UIKit.framework */,
				8FF36F4214165AD900A91FC0 /* Foundation.framework */,
				8FF36F4414165AD900A91FC0 /* CoreGraphics.framework */,
			);
			name = Frameworks;
			sourceTree = "<group>";
		};
		F24DC787144C516200AB3BA1 /* SVWebViewController */ = {
			isa = PBXGroup;
			children = (
				F24DC788144C516200AB3BA1 /* SVWebViewController.bundle */,
				F24DC789144C516200AB3BA1 /* SVWebViewController.h */,
				F24DC78A144C516200AB3BA1 /* SVWebViewController.m */,
			);
			path = SVWebViewController;
			sourceTree = "<group>";
		};
/* End PBXGroup section */

/* Begin PBXNativeTarget section */
		8FF36F3B14165AD900A91FC0 /* NeTV */ = {
			isa = PBXNativeTarget;
			buildConfigurationList = 8FF36F5D14165AD900A91FC0 /* Build configuration list for PBXNativeTarget "NeTV" */;
			buildPhases = (
				8FF36F3814165AD900A91FC0 /* Sources */,
				8FF36F3914165AD900A91FC0 /* Frameworks */,
				8FF36F3A14165AD900A91FC0 /* Resources */,
			);
			buildRules = (
			);
			dependencies = (
			);
			name = NeTV;
			productName = "NeTV Remote";
			productReference = 8FF36F3C14165AD900A91FC0 /* netv.app */;
			productType = "com.apple.product-type.application";
		};
/* End PBXNativeTarget section */

/* Begin PBXProject section */
		8FF36F3314165AD900A91FC0 /* Project object */ = {
			isa = PBXProject;
			buildConfigurationList = 8FF36F3614165AD900A91FC0 /* Build configuration list for PBXProject "NeTV" */;
			compatibilityVersion = "Xcode 3.2";
			developmentRegion = English;
			hasScannedForEncodings = 0;
			knownRegions = (
				en,
			);
			mainGroup = 8FF36F3114165AD900A91FC0;
			productRefGroup = 8FF36F3D14165AD900A91FC0 /* Products */;
			projectDirPath = "";
			projectRoot = "";
			targets = (
				8FF36F3B14165AD900A91FC0 /* NeTV */,
			);
		};
/* End PBXProject section */

/* Begin PBXResourcesBuildPhase section */
		8FF36F3A14165AD900A91FC0 /* Resources */ = {
			isa = PBXResourcesBuildPhase;
			buildActionMask = 2147483647;
			files = (
				4207DCAC143D9A9F00FAD4AA /* ChooseHomeNetworkController.xib in Resources */,
				4207DCAE143D9A9F00FAD4AA /* ChooseIPController.xib in Resources */,
				4207DCB1143D9A9F00FAD4AA /* InfoPlist.strings in Resources */,
				4207DCB2143D9A9F00FAD4AA /* MainWindow.xib in Resources */,
				4207DCB3143D9A9F00FAD4AA /* btn_controlpanel.png in Resources */,
				4207DCB4143D9A9F00FAD4AA /* btn_widget.png in Resources */,
				4207DCB6143D9A9F00FAD4AA /* chumby.png in Resources */,
				4207DCB9143D9A9F00FAD4AA /* icon.png in Resources */,
				4207DCC3143D9A9F00FAD4AA /* NeTVViewController_iPhone.xib in Resources */,
				4207DCC6143D9A9F00FAD4AA /* RemoteController.xib in Resources */,
				4207DCCD143D9B1600FAD4AA /* MainWindow-iPad.xib in Resources */,
				4207DCE5143D9F2A00FAD4AA /* Icon.png in Resources */,
				4207DCE7143D9F2F00FAD4AA /* Icon@2x.png in Resources */,
				4207DCE9143D9F4700FAD4AA /* Icon-72.png in Resources */,
				F24DC78B144C516200AB3BA1 /* SVWebViewController.bundle in Resources */,
				4201DD63146B8EFF0080FF33 /* navbar_back.png in Resources */,
				4201DD64146B8EFF0080FF33 /* navbar_bg.png in Resources */,
				4201DD67146B95B90080FF33 /* device_list_bg.png in Resources */,
				4201DD6C146B9EEC0080FF33 /* ChooseIPCellView.xib in Resources */,
				4201DD70146BA1680080FF33 /* device_list_bg@2x.png in Resources */,
				4201DD71146BA1680080FF33 /* device_list_cell_bg.png in Resources */,
				4201DD72146BA1680080FF33 /* device_list_cell_bg@2x.png in Resources */,
				4201DD75146BA1780080FF33 /* navbar_back@2x.png in Resources */,
				4201DD76146BA1780080FF33 /* navbar_bg@2x.png in Resources */,
				4201DD79146BB23A0080FF33 /* device_list_cell_bg_selected.png in Resources */,
				4201DD7A146BB23A0080FF33 /* device_list_cell_bg_selected@2x.png in Resources */,
				4201DD80146D15210080FF33 /* bottombar_error.png in Resources */,
				4201DD81146D15210080FF33 /* bottombar_error@2x.png in Resources */,
				42B36E5E146D231900F6B358 /* bottombar_info.png in Resources */,
				42B36E5F146D231900F6B358 /* bottombar_info@2x.png in Resources */,
				4244FB28146E352A00AFA378 /* loading_icon.png in Resources */,
				4244FB29146E352A00AFA378 /* loading_icon@2x.png in Resources */,
				42BA3CCB1470C42A000A855B /* btn_center_deco.png in Resources */,
				42BA3CCC1470C42A000A855B /* btn_center_down.png in Resources */,
				42BA3CCD1470C42A000A855B /* btn_center_normal.png in Resources */,
				42BA3CCF1470C42A000A855B /* btn_down_down.png in Resources */,
				42BA3CD01470C42A000A855B /* btn_down_normal.png in Resources */,
				42BA3CD11470C42A000A855B /* btn_left_down.png in Resources */,
				42BA3CD21470C42A000A855B /* btn_left_normal.png in Resources */,
				42BA3CD31470C42A000A855B /* btn_right_down.png in Resources */,
				42BA3CD41470C42A000A855B /* btn_right_normal.png in Resources */,
				42BA3CD51470C42A000A855B /* btn_up_down.png in Resources */,
				42BA3CD61470C42A000A855B /* btn_up_normal.png in Resources */,
				42AD802F1470D2F4003763F7 /* egopv_error_placeholder.png in Resources */,
				42AD80301470D2F4003763F7 /* egopv_error_placeholder@2x.png in Resources */,
				42AD80311470D2F4003763F7 /* egopv_fullscreen_button.png in Resources */,
				42AD80321470D2F4003763F7 /* egopv_fullscreen_button@2x.png in Resources */,
				42AD80331470D2F4003763F7 /* egopv_left.png in Resources */,
				42AD80341470D2F4003763F7 /* egopv_left@2x.png in Resources */,
				42AD80351470D2F4003763F7 /* egopv_minimize_fullscreen_button.png in Resources */,
				42AD80361470D2F4003763F7 /* egopv_photo_placeholder.png in Resources */,
				42AD80371470D2F4003763F7 /* egopv_photo_placeholder@2x.png in Resources */,
				42AD80381470D2F4003763F7 /* egopv_right.png in Resources */,
				42AD80391470D2F4003763F7 /* egopv_right@2x.png in Resources */,
				42AD803E1470D2F4003763F7 /* ELCAlbumPickerController.xib in Resources */,
				42AD80411470D2F4003763F7 /* ELCAssetPicker.xib in Resources */,
				42AD80431470D2F4003763F7 /* ELCAssetTablePicker.xib in Resources */,
				42AD80451470D2F4003763F7 /* ELCImagePickerController.xib in Resources */,
				42AD80461470D2F4003763F7 /* Overlay.png in Resources */,
				42AD80471470D2F4003763F7 /* Overlay@2x.png in Resources */,
			);
			runOnlyForDeploymentPostprocessing = 0;
		};
/* End PBXResourcesBuildPhase section */

/* Begin PBXSourcesBuildPhase section */
		8FF36F3814165AD900A91FC0 /* Sources */ = {
			isa = PBXSourcesBuildPhase;
			buildActionMask = 2147483647;
			files = (
				4207DCAB143D9A9F00FAD4AA /* ChooseHomeNetworkController.m in Sources */,
				4207DCAD143D9A9F00FAD4AA /* ChooseIPController.m in Sources */,
				4207DCBE143D9A9F00FAD4AA /* main.m in Sources */,
				4207DCC1143D9A9F00FAD4AA /* NeTV_RemoteAppDelegate.m in Sources */,
				4207DCC2143D9A9F00FAD4AA /* NeTVViewController.m in Sources */,
				4207DCC5143D9A9F00FAD4AA /* RemoteController.m in Sources */,
				4207DCDD143D9CF300FAD4AA /* AsyncSocket.m in Sources */,
				4207DCDE143D9CF300FAD4AA /* AsyncUdpSocket.m in Sources */,
				4207DCDF143D9CF300FAD4AA /* CommService.m in Sources */,
				4207DCE0143D9CF300FAD4AA /* Reachability.m in Sources */,
				4207DCE1143D9CF300FAD4AA /* UIDevice-Hardware.m in Sources */,
				4207DCE2143D9CF300FAD4AA /* VTPG_Common.m in Sources */,
				4207DCE3143D9CF300FAD4AA /* XMLReader.m in Sources */,
				F24DC78C144C516200AB3BA1 /* SVWebViewController.m in Sources */,
				42669015146A613B00E91493 /* ASIAuthenticationDialog.m in Sources */,
				42669016146A613B00E91493 /* ASIDataCompressor.m in Sources */,
				42669017146A613B00E91493 /* ASIDataDecompressor.m in Sources */,
				42669018146A613B00E91493 /* ASIDownloadCache.m in Sources */,
				42669019146A613B00E91493 /* ASIFormDataRequest.m in Sources */,
				4266901A146A613B00E91493 /* ASIHTTPRequest.m in Sources */,
				4266901B146A613B00E91493 /* ASIInputStream.m in Sources */,
				4266901C146A613B00E91493 /* ASINetworkQueue.m in Sources */,
				4201DD6A146B9A0B0080FF33 /* ChooseIPCellView.m in Sources */,
				4201DD7D146CDAF90080FF33 /* BaseController.m in Sources */,
				42AD80271470D2F4003763F7 /* EGOPhotoViewController.m in Sources */,
				42AD80281470D2F4003763F7 /* EGOCache.m in Sources */,
				42AD80291470D2F4003763F7 /* EGOImageLoadConnection.m in Sources */,
				42AD802A1470D2F4003763F7 /* EGOImageLoader.m in Sources */,
				42AD802B1470D2F4003763F7 /* EGOQuickPhoto.m in Sources */,
				42AD802C1470D2F4003763F7 /* EGOQuickPhotoSource.m in Sources */,
				42AD802D1470D2F4003763F7 /* MyPhoto.m in Sources */,
				42AD802E1470D2F4003763F7 /* MyPhotoSource.m in Sources */,
				42AD803A1470D2F4003763F7 /* EGOPhotoCaptionView.m in Sources */,
				42AD803B1470D2F4003763F7 /* EGOPhotoImageView.m in Sources */,
				42AD803C1470D2F4003763F7 /* EGOPhotoScrollView.m in Sources */,
				42AD803D1470D2F4003763F7 /* ELCAlbumPickerController.m in Sources */,
				42AD803F1470D2F4003763F7 /* ELCAsset.m in Sources */,
				42AD80401470D2F4003763F7 /* ELCAssetCell.m in Sources */,
				42AD80421470D2F4003763F7 /* ELCAssetTablePicker.m in Sources */,
				42AD80441470D2F4003763F7 /* ELCImagePickerController.m in Sources */,
				42AD80481470D2F4003763F7 /* UIImage+Alpha.m in Sources */,
				42AD80491470D2F4003763F7 /* UIImage+Resize.m in Sources */,
				42AD804A1470D2F4003763F7 /* UIImage+RoundedCorner.m in Sources */,
			);
			runOnlyForDeploymentPostprocessing = 0;
		};
/* End PBXSourcesBuildPhase section */

/* Begin PBXVariantGroup section */
		4207DC85143D9A9F00FAD4AA /* InfoPlist.strings */ = {
			isa = PBXVariantGroup;
			children = (
				4207DC86143D9A9F00FAD4AA /* en */,
			);
			name = InfoPlist.strings;
			sourceTree = "<group>";
		};
		4207DC87143D9A9F00FAD4AA /* MainWindow.xib */ = {
			isa = PBXVariantGroup;
			children = (
				4207DC88143D9A9F00FAD4AA /* en */,
			);
			name = MainWindow.xib;
			sourceTree = "<group>";
		};
		4207DCCB143D9B1600FAD4AA /* MainWindow-iPad.xib */ = {
			isa = PBXVariantGroup;
			children = (
				4207DCCC143D9B1600FAD4AA /* en */,
			);
			name = "MainWindow-iPad.xib";
			sourceTree = "<group>";
		};
/* End PBXVariantGroup section */

/* Begin XCBuildConfiguration section */
		8FF36F5B14165AD900A91FC0 /* Debug */ = {
			isa = XCBuildConfiguration;
			buildSettings = {
				ALWAYS_SEARCH_USER_PATHS = NO;
				ARCHS = "$(ARCHS_STANDARD_32_BIT)";
				CODE_SIGN_IDENTITY = "iPhone Developer";
				"CODE_SIGN_IDENTITY[sdk=iphoneos*]" = "iPhone Developer";
				COPY_PHASE_STRIP = NO;
				GCC_C_LANGUAGE_STANDARD = gnu99;
				GCC_DYNAMIC_NO_PIC = NO;
				GCC_OPTIMIZATION_LEVEL = 0;
				GCC_PREPROCESSOR_DEFINITIONS = (
					"DEBUG=1",
					"$(inherited)",
				);
				GCC_SYMBOLS_PRIVATE_EXTERN = NO;
				GCC_VERSION = com.apple.compilers.llvmgcc42;
				GCC_WARN_ABOUT_MISSING_PROTOTYPES = YES;
				GCC_WARN_ABOUT_RETURN_TYPE = YES;
				GCC_WARN_UNUSED_VARIABLE = YES;
				IPHONEOS_DEPLOYMENT_TARGET = 4.0;
				PROVISIONING_PROFILE = "";
				SDKROOT = iphoneos;
			};
			name = Debug;
		};
		8FF36F5C14165AD900A91FC0 /* Release */ = {
			isa = XCBuildConfiguration;
			buildSettings = {
				ALWAYS_SEARCH_USER_PATHS = NO;
				ARCHS = "$(ARCHS_STANDARD_32_BIT)";
				CODE_SIGN_IDENTITY = "iPhone Developer";
				"CODE_SIGN_IDENTITY[sdk=iphoneos*]" = "iPhone Developer";
				COPY_PHASE_STRIP = YES;
				GCC_C_LANGUAGE_STANDARD = gnu99;
				GCC_VERSION = com.apple.compilers.llvmgcc42;
				GCC_WARN_ABOUT_MISSING_PROTOTYPES = YES;
				GCC_WARN_ABOUT_RETURN_TYPE = YES;
				GCC_WARN_UNUSED_VARIABLE = YES;
				IPHONEOS_DEPLOYMENT_TARGET = 4.0;
				OTHER_CFLAGS = "-DNS_BLOCK_ASSERTIONS=1";
				PROVISIONING_PROFILE = "";
				SDKROOT = iphoneos;
				VALIDATE_PRODUCT = YES;
			};
			name = Release;
		};
		8FF36F5E14165AD900A91FC0 /* Debug */ = {
			isa = XCBuildConfiguration;
			buildSettings = {
				GCC_PRECOMPILE_PREFIX_HEADER = YES;
				GCC_PREFIX_HEADER = "NeTV/NeTV-Prefix.pch";
				INFOPLIST_FILE = "NeTV/NeTV-Info.plist";
				IPHONEOS_DEPLOYMENT_TARGET = 4.0;
				PRODUCT_NAME = netv;
				TARGETED_DEVICE_FAMILY = "1,2";
				WRAPPER_EXTENSION = app;
			};
			name = Debug;
		};
		8FF36F5F14165AD900A91FC0 /* Release */ = {
			isa = XCBuildConfiguration;
			buildSettings = {
				GCC_PRECOMPILE_PREFIX_HEADER = YES;
				GCC_PREFIX_HEADER = "NeTV/NeTV-Prefix.pch";
				INFOPLIST_FILE = "NeTV/NeTV-Info.plist";
				IPHONEOS_DEPLOYMENT_TARGET = 4.0;
				PRODUCT_NAME = netv;
				TARGETED_DEVICE_FAMILY = "1,2";
				WRAPPER_EXTENSION = app;
			};
			name = Release;
		};
/* End XCBuildConfiguration section */

/* Begin XCConfigurationList section */
		8FF36F3614165AD900A91FC0 /* Build configuration list for PBXProject "NeTV" */ = {
			isa = XCConfigurationList;
			buildConfigurations = (
				8FF36F5B14165AD900A91FC0 /* Debug */,
				8FF36F5C14165AD900A91FC0 /* Release */,
			);
			defaultConfigurationIsVisible = 0;
			defaultConfigurationName = Release;
		};
		8FF36F5D14165AD900A91FC0 /* Build configuration list for PBXNativeTarget "NeTV" */ = {
			isa = XCConfigurationList;
			buildConfigurations = (
				8FF36F5E14165AD900A91FC0 /* Debug */,
				8FF36F5F14165AD900A91FC0 /* Release */,
			);
			defaultConfigurationIsVisible = 0;
			defaultConfigurationName = Release;
		};
/* End XCConfigurationList section */
	};
	rootObject = 8FF36F3314165AD900A91FC0 /* Project object */;
}
